
Microsoft Visual Studio Solution File, Format Version 12.00
# Visual Studio Version 17
VisualStudioVersion = 17.1.32210.238
MinimumVisualStudioVersion = 10.0.40219.1
Project("{9A19103F-16F7-4668-BE54-9A1E7A4F7556}") = "Parcial1U", "MudBlazorDapperCrud\Parcial1U.csproj", "{681D4F98-4345-4D24-ABEA-923252953D60}"
EndProject
Global
	GlobalSection(SolutionConfigurationPlatforms) = preSolution
		Debug|Any CPU = Debug|Any CPU
		Release|Any CPU = Release|Any CPU
	EndGlobalSection
	GlobalSection(ProjectConfigurationPlatforms) = postSolution
		{681D4F98-4345-4D24-ABEA-923252953D60}.Debug|Any CPU.ActiveCfg = Debug|Any CPU
		{681D4F98-4345-4D24-ABEA-923252953D60}.Debug|Any CPU.Build.0 = Debug|Any CPU
		{681D4F98-4345-4D24-ABEA-923252953D60}.Release|Any CPU.ActiveCfg = Release|Any CPU
		{681D4F98-4345-4D24-ABEA-923252953D60}.Release|Any CPU.Build.0 = Release|Any CPU
	EndGlobalSection
	GlobalSection(SolutionProperties) = preSolution
		HideSolutionNode = FALSE
	EndGlobalSection
	GlobalSection(ExtensibilityGlobals) = postSolution
		SolutionGuid = {231F6BA8-8700-43A0-99CA-B570C7F2B8B4}
	EndGlobalSection
EndGlobal
